
Microsoft Visual Studio Solution File, Format Version 12.00
# Visual Studio Version 17
VisualStudioVersion = 17.5.33530.505
MinimumVisualStudioVersion = 10.0.40219.1
Project("{8BC9CEB8-8B4A-11D0-8D11-00A0C91BC942}") = "juice", "juice.vcxproj", "{632C224E-DAC2-4DA8-BCFE-D3E02359A60E}"
EndProject
Global
	GlobalSection(SolutionConfigurationPlatforms) = preSolution
		Debug|x64 = Debug|x64
		Debug|x86 = Debug|x86
		Release|x64 = Release|x64
		Release|x86 = Release|x86
	EndGlobalSection
	GlobalSection(ProjectConfigurationPlatforms) = postSolution
		{632C224E-DAC2-4DA8-BCFE-D3E02359A60E}.Debug|x64.ActiveCfg = Debug|x64
		{632C224E-DAC2-4DA8-BCFE-D3E02359A60E}.Debug|x64.Build.0 = Debug|x64
		{632C224E-DAC2-4DA8-BCFE-D3E02359A60E}.Debug|x86.ActiveCfg = Debug|Win32
		{632C224E-DAC2-4DA8-BCFE-D3E02359A60E}.Debug|x86.Build.0 = Debug|Win32
		{632C224E-DAC2-4DA8-BCFE-D3E02359A60E}.Release|x64.ActiveCfg = Release|x64
		{632C224E-DAC2-4DA8-BCFE-D3E02359A60E}.Release|x64.Build.0 = Release|x64
		{632C224E-DAC2-4DA8-BCFE-D3E02359A60E}.Release|x86.ActiveCfg = Release|Win32
		{632C224E-DAC2-4DA8-BCFE-D3E02359A60E}.Release|x86.Build.0 = Release|Win32
	EndGlobalSection
	GlobalSection(SolutionProperties) = preSolution
		HideSolutionNode = FALSE
	EndGlobalSection
	GlobalSection(ExtensibilityGlobals) = postSolution
		SolutionGuid = {F10B583D-7F77-4460-8463-BD5F93846E5C}
	EndGlobalSection
EndGlobal
